
Microsoft Visual Studio Solution File, Format Version 12.00
# Visual Studio Version 17
VisualStudioVersion = 17.13.35919.96 d17.13
MinimumVisualStudioVersion = 10.0.40219.1
Project("{FAE04EC0-301F-11D3-BF4B-00C04F79EFBC}") = "Recipe-Generator-Boogy-Woogy-Woogy", "Recipe-Generator-Boogy-Woogy-Woogy.csproj", "{67031295-52AF-4F18-BFD6-1C1C6BE050F4}"
EndProject
Global
	GlobalSection(SolutionConfigurationPlatforms) = preSolution
		Debug|Any CPU = Debug|Any CPU
		Release|Any CPU = Release|Any CPU
	EndGlobalSection
	GlobalSection(ProjectConfigurationPlatforms) = postSolution
		{67031295-52AF-4F18-BFD6-1C1C6BE050F4}.Debug|Any CPU.ActiveCfg = Debug|Any CPU
		{67031295-52AF-4F18-BFD6-1C1C6BE050F4}.Debug|Any CPU.Build.0 = Debug|Any CPU
		{67031295-52AF-4F18-BFD6-1C1C6BE050F4}.Release|Any CPU.ActiveCfg = Release|Any CPU
		{67031295-52AF-4F18-BFD6-1C1C6BE050F4}.Release|Any CPU.Build.0 = Release|Any CPU
	EndGlobalSection
	GlobalSection(SolutionProperties) = preSolution
		HideSolutionNode = FALSE
	EndGlobalSection
	GlobalSection(ExtensibilityGlobals) = postSolution
		SolutionGuid = {0105C525-8938-4DC1-B0E5-502A520A3E12}
	EndGlobalSection
EndGlobal
